
Microsoft Visual Studio Solution File, Format Version 12.00
# Visual Studio 14
VisualStudioVersion = 14.0.25123.0
MinimumVisualStudioVersion = 10.0.40219.1
Project("{FAE04EC0-301F-11D3-BF4B-00C04F79EFBC}") = "CocaCola_UTC_Web", "CocaCola_UTC_Web\CocaCola_UTC_Web.csproj", "{E2B45F16-29B9-4317-A43B-B83D1250F32E}"
EndProject
Project("{FAE04EC0-301F-11D3-BF4B-00C04F79EFBC}") = "CocaCola_UTC_Business", "CocaCola_UTC_Business\CocaCola_UTC_Business.csproj", "{75723E33-12F3-4BCA-9BC4-4C6D0915E4C3}"
EndProject
Project("{FAE04EC0-301F-11D3-BF4B-00C04F79EFBC}") = "CocaCola_UTC_Utility", "CocaCola_UTC_Utility\CocaCola_UTC_Utility.csproj", "{B99D6636-A7C8-4C0C-A6FD-EBDE770F5C3A}"
EndProject
Global
	GlobalSection(SolutionConfigurationPlatforms) = preSolution
		Debug|Any CPU = Debug|Any CPU
		Release|Any CPU = Release|Any CPU
	EndGlobalSection
	GlobalSection(ProjectConfigurationPlatforms) = postSolution
		{E2B45F16-29B9-4317-A43B-B83D1250F32E}.Debug|Any CPU.ActiveCfg = Debug|Any CPU
		{E2B45F16-29B9-4317-A43B-B83D1250F32E}.Debug|Any CPU.Build.0 = Debug|Any CPU
		{E2B45F16-29B9-4317-A43B-B83D1250F32E}.Release|Any CPU.ActiveCfg = Release|Any CPU
		{E2B45F16-29B9-4317-A43B-B83D1250F32E}.Release|Any CPU.Build.0 = Release|Any CPU
		{75723E33-12F3-4BCA-9BC4-4C6D0915E4C3}.Debug|Any CPU.ActiveCfg = Debug|Any CPU
		{75723E33-12F3-4BCA-9BC4-4C6D0915E4C3}.Debug|Any CPU.Build.0 = Debug|Any CPU
		{75723E33-12F3-4BCA-9BC4-4C6D0915E4C3}.Release|Any CPU.ActiveCfg = Release|Any CPU
		{75723E33-12F3-4BCA-9BC4-4C6D0915E4C3}.Release|Any CPU.Build.0 = Release|Any CPU
		{B99D6636-A7C8-4C0C-A6FD-EBDE770F5C3A}.Debug|Any CPU.ActiveCfg = Debug|Any CPU
		{B99D6636-A7C8-4C0C-A6FD-EBDE770F5C3A}.Debug|Any CPU.Build.0 = Debug|Any CPU
		{B99D6636-A7C8-4C0C-A6FD-EBDE770F5C3A}.Release|Any CPU.ActiveCfg = Release|Any CPU
		{B99D6636-A7C8-4C0C-A6FD-EBDE770F5C3A}.Release|Any CPU.Build.0 = Release|Any CPU
	EndGlobalSection
	GlobalSection(SolutionProperties) = preSolution
		HideSolutionNode = FALSE
	EndGlobalSection
EndGlobal
